{
  "name": "portfolio_jms223",
  "lockfileVersion": 2,
  "requires": true,
  "packages": {
    "": {
      "dependencies": {
        "cors": "^2.8.5",
        "howler": "^2.2.1",
        "vue-fuse": "^3.0.0",
        "vue-google-oauth": "^1.0.5",
        "vue-howler": "^0.7.0"
      }
    },
    "node_modules/cors": {
      "version": "2.8.5",
      "resolved": "https://registry.npmjs.org/cors/-/cors-2.8.5.tgz",
      "integrity": "sha512-KIHbLJqu73RGr/hnbrO9uBeixNGuvSQjul/jdFvS/KFSIH1hWVd1ng7zOHx+YrEfInLG7q4n6GHQ9cDtxv/P6g==",
      "dependencies": {
        "object-assign": "^4",
        "vary": "^1"
      },
      "engines": {
        "node": ">= 0.10"
      }
    },
    "node_modules/fuse.js": {
      "version": "6.4.6",
      "resolved": "https://registry.npmjs.org/fuse.js/-/fuse.js-6.4.6.tgz",
      "integrity": "sha512-/gYxR/0VpXmWSfZOIPS3rWwU8SHgsRTwWuXhyb2O6s7aRuVtHtxCkR33bNYu3wyLyNx/Wpv0vU7FZy8Vj53VNw==",
      "engines": {
        "node": ">=10"
      }
    },
    "node_modules/howler": {
      "version": "2.2.1",
      "resolved": "https://registry.npmjs.org/howler/-/howler-2.2.1.tgz",
      "integrity": "sha512-0iIXvuBO/81CcrQ/HSSweYmbT50fT2mIc9XMFb+kxIfk2pW/iKzDbX1n3fZmDXMEIpYvyyfrB+gXwPYSDqUxIQ=="
    },
    "node_modules/math-clamp": {
      "version": "1.0.0",
      "resolved": "https://registry.npmjs.org/math-clamp/-/math-clamp-1.0.0.tgz",
      "integrity": "sha1-PKX6y/armCIVS3B+ZBxvH/fCr2Y=",
      "engines": {
        "node": ">=0.10.0"
      }
    },
    "node_modules/object-assign": {
      "version": "4.1.1",
      "resolved": "https://registry.npmjs.org/object-assign/-/object-assign-4.1.1.tgz",
      "integrity": "sha1-IQmtx5ZYh8/AXLvUQsrIv7s2CGM=",
      "engines": {
        "node": ">=0.10.0"
      }
    },
    "node_modules/object-values": {
      "version": "1.0.0",
      "resolved": "https://registry.npmjs.org/object-values/-/object-values-1.0.0.tgz",
      "integrity": "sha1-cq+DljARnluYw7AruMJ+MjcVgQU=",
      "engines": {
        "node": ">=0.10.0"
      }
    },
    "node_modules/vary": {
      "version": "1.1.2",
      "resolved": "https://registry.npmjs.org/vary/-/vary-1.1.2.tgz",
      "integrity": "sha1-IpnwLG3tMNSllhsLn3RSShj2NPw=",
      "engines": {
        "node": ">= 0.8"
      }
    },
    "node_modules/vue": {
      "version": "2.6.12",
      "resolved": "https://registry.npmjs.org/vue/-/vue-2.6.12.tgz",
      "integrity": "sha512-uhmLFETqPPNyuLLbsKz6ioJ4q7AZHzD8ZVFNATNyICSZouqP2Sz0rotWQC8UNBF6VGSCs5abnKJoStA6JbCbfg==",
      "peer": true
    },
    "node_modules/vue-fuse": {
      "version": "3.0.0",
      "resolved": "https://registry.npmjs.org/vue-fuse/-/vue-fuse-3.0.0.tgz",
      "integrity": "sha512-4OA6uxVqEyqT4tZhBT5lObSOpARU5Kljv88QPlbkIQvIhRYokjsb8O/R2fCmfPZU/XUdRKuG884ZAOEGwJTvNg==",
      "dependencies": {
        "fuse.js": "^6.4.4"
      },
      "peerDependencies": {
        "vue": "^2.6.10"
      }
    },
    "node_modules/vue-google-oauth": {
      "version": "1.0.5",
      "resolved": "https://registry.npmjs.org/vue-google-oauth/-/vue-google-oauth-1.0.5.tgz",
      "integrity": "sha1-NeCGHrirs0LAgQLCRljx4F14w4Y="
    },
    "node_modules/vue-howler": {
      "version": "0.7.0",
      "resolved": "https://registry.npmjs.org/vue-howler/-/vue-howler-0.7.0.tgz",
      "integrity": "sha512-19lgA4ehPPF9wkPRiP17DOMimIEf65WnhaQiE/n79xv7kk0bD6MG/6X4MZk1Kp1+w5QJbLskqXbBC1UlkTlZ9Q==",
      "dependencies": {
        "howler": "^2.0.5",
        "math-clamp": "^1.0.0",
        "object-assign": "^4.1.1",
        "object-values": "^1.0.0"
      }
    }
  },
  "dependencies": {
    "cors": {
      "version": "2.8.5",
      "resolved": "https://registry.npmjs.org/cors/-/cors-2.8.5.tgz",
      "integrity": "sha512-KIHbLJqu73RGr/hnbrO9uBeixNGuvSQjul/jdFvS/KFSIH1hWVd1ng7zOHx+YrEfInLG7q4n6GHQ9cDtxv/P6g==",
      "requires": {
        "object-assign": "^4",
        "vary": "^1"
      }
    },
    "fuse.js": {
      "version": "6.4.6",
      "resolved": "https://registry.npmjs.org/fuse.js/-/fuse.js-6.4.6.tgz",
      "integrity": "sha512-/gYxR/0VpXmWSfZOIPS3rWwU8SHgsRTwWuXhyb2O6s7aRuVtHtxCkR33bNYu3wyLyNx/Wpv0vU7FZy8Vj53VNw=="
    },
    "howler": {
      "version": "2.2.1",
      "resolved": "https://registry.npmjs.org/howler/-/howler-2.2.1.tgz",
      "integrity": "sha512-0iIXvuBO/81CcrQ/HSSweYmbT50fT2mIc9XMFb+kxIfk2pW/iKzDbX1n3fZmDXMEIpYvyyfrB+gXwPYSDqUxIQ=="
    },
    "math-clamp": {
      "version": "1.0.0",
      "resolved": "https://registry.npmjs.org/math-clamp/-/math-clamp-1.0.0.tgz",
      "integrity": "sha1-PKX6y/armCIVS3B+ZBxvH/fCr2Y="
    },
    "object-assign": {
      "version": "4.1.1",
      "resolved": "https://registry.npmjs.org/object-assign/-/object-assign-4.1.1.tgz",
      "integrity": "sha1-IQmtx5ZYh8/AXLvUQsrIv7s2CGM="
    },
    "object-values": {
      "version": "1.0.0",
      "resolved": "https://registry.npmjs.org/object-values/-/object-values-1.0.0.tgz",
      "integrity": "sha1-cq+DljARnluYw7AruMJ+MjcVgQU="
    },
    "vary": {
      "version": "1.1.2",
      "resolved": "https://registry.npmjs.org/vary/-/vary-1.1.2.tgz",
      "integrity": "sha1-IpnwLG3tMNSllhsLn3RSShj2NPw="
    },
    "vue": {
      "version": "2.6.12",
      "resolved": "https://registry.npmjs.org/vue/-/vue-2.6.12.tgz",
      "integrity": "sha512-uhmLFETqPPNyuLLbsKz6ioJ4q7AZHzD8ZVFNATNyICSZouqP2Sz0rotWQC8UNBF6VGSCs5abnKJoStA6JbCbfg==",
      "peer": true
    },
    "vue-fuse": {
      "version": "3.0.0",
      "resolved": "https://registry.npmjs.org/vue-fuse/-/vue-fuse-3.0.0.tgz",
      "integrity": "sha512-4OA6uxVqEyqT4tZhBT5lObSOpARU5Kljv88QPlbkIQvIhRYokjsb8O/R2fCmfPZU/XUdRKuG884ZAOEGwJTvNg==",
      "requires": {
        "fuse.js": "^6.4.4"
      }
    },
    "vue-google-oauth": {
      "version": "1.0.5",
      "resolved": "https://registry.npmjs.org/vue-google-oauth/-/vue-google-oauth-1.0.5.tgz",
      "integrity": "sha1-NeCGHrirs0LAgQLCRljx4F14w4Y="
    },
    "vue-howler": {
      "version": "0.7.0",
      "resolved": "https://registry.npmjs.org/vue-howler/-/vue-howler-0.7.0.tgz",
      "integrity": "sha512-19lgA4ehPPF9wkPRiP17DOMimIEf65WnhaQiE/n79xv7kk0bD6MG/6X4MZk1Kp1+w5QJbLskqXbBC1UlkTlZ9Q==",
      "requires": {
        "howler": "^2.0.5",
        "math-clamp": "^1.0.0",
        "object-assign": "^4.1.1",
        "object-values": "^1.0.0"
      }
    }
  }
}
